
Microsoft Visual Studio Solution File, Format Version 12.00
# Visual Studio Version 16
VisualStudioVersion = 16.0.29001.49
MinimumVisualStudioVersion = 10.0.40219.1
Project("{FAE04EC0-301F-11D3-BF4B-00C04F79EFBC}") = "Bai_14_Quan_Ly_Nhan_Vien", "Bai_14_Quan_Ly_Nhan_Vien.csproj", "{91C493BA-3A44-4623-8370-B007DC1EAE6F}"
EndProject
Global
	GlobalSection(SolutionConfigurationPlatforms) = preSolution
		Debug|Any CPU = Debug|Any CPU
		Release|Any CPU = Release|Any CPU
	EndGlobalSection
	GlobalSection(ProjectConfigurationPlatforms) = postSolution
		{91C493BA-3A44-4623-8370-B007DC1EAE6F}.Debug|Any CPU.ActiveCfg = Debug|Any CPU
		{91C493BA-3A44-4623-8370-B007DC1EAE6F}.Debug|Any CPU.Build.0 = Debug|Any CPU
		{91C493BA-3A44-4623-8370-B007DC1EAE6F}.Release|Any CPU.ActiveCfg = Release|Any CPU
		{91C493BA-3A44-4623-8370-B007DC1EAE6F}.Release|Any CPU.Build.0 = Release|Any CPU
	EndGlobalSection
	GlobalSection(SolutionProperties) = preSolution
		HideSolutionNode = FALSE
	EndGlobalSection
	GlobalSection(ExtensibilityGlobals) = postSolution
		SolutionGuid = {C5D51F49-F729-46FD-ACDB-DC08EED9790D}
	EndGlobalSection
EndGlobal
