
Microsoft Visual Studio Solution File, Format Version 12.00
# Visual Studio Version 16
VisualStudioVersion = 16.0.29001.49
MinimumVisualStudioVersion = 10.0.40219.1
Project("{FAE04EC0-301F-11D3-BF4B-00C04F79EFBC}") = "Bai8_TinhTienDiTaxi", "Bai8_TinhTienDiTaxi.csproj", "{ED631562-CD75-4DFD-BE28-29EB6CF9E84C}"
EndProject
Global
	GlobalSection(SolutionConfigurationPlatforms) = preSolution
		Debug|Any CPU = Debug|Any CPU
		Release|Any CPU = Release|Any CPU
	EndGlobalSection
	GlobalSection(ProjectConfigurationPlatforms) = postSolution
		{ED631562-CD75-4DFD-BE28-29EB6CF9E84C}.Debug|Any CPU.ActiveCfg = Debug|Any CPU
		{ED631562-CD75-4DFD-BE28-29EB6CF9E84C}.Debug|Any CPU.Build.0 = Debug|Any CPU
		{ED631562-CD75-4DFD-BE28-29EB6CF9E84C}.Release|Any CPU.ActiveCfg = Release|Any CPU
		{ED631562-CD75-4DFD-BE28-29EB6CF9E84C}.Release|Any CPU.Build.0 = Release|Any CPU
	EndGlobalSection
	GlobalSection(SolutionProperties) = preSolution
		HideSolutionNode = FALSE
	EndGlobalSection
	GlobalSection(ExtensibilityGlobals) = postSolution
		SolutionGuid = {FDD3EA44-4FAF-42DA-898B-BF69C874D0A2}
	EndGlobalSection
EndGlobal
