
Microsoft Visual Studio Solution File, Format Version 12.00
# Visual Studio Version 16
VisualStudioVersion = 16.0.28922.388
MinimumVisualStudioVersion = 10.0.40219.1
Project("{FAE04EC0-301F-11D3-BF4B-00C04F79EFBC}") = "BaiTap1", "BaiTap1.csproj", "{5A5C5935-276A-4E18-A1ED-E425082E4E85}"
EndProject
Global
	GlobalSection(SolutionConfigurationPlatforms) = preSolution
		Debug|Any CPU = Debug|Any CPU
		Release|Any CPU = Release|Any CPU
	EndGlobalSection
	GlobalSection(ProjectConfigurationPlatforms) = postSolution
		{5A5C5935-276A-4E18-A1ED-E425082E4E85}.Debug|Any CPU.ActiveCfg = Debug|Any CPU
		{5A5C5935-276A-4E18-A1ED-E425082E4E85}.Debug|Any CPU.Build.0 = Debug|Any CPU
		{5A5C5935-276A-4E18-A1ED-E425082E4E85}.Release|Any CPU.ActiveCfg = Release|Any CPU
		{5A5C5935-276A-4E18-A1ED-E425082E4E85}.Release|Any CPU.Build.0 = Release|Any CPU
	EndGlobalSection
	GlobalSection(SolutionProperties) = preSolution
		HideSolutionNode = FALSE
	EndGlobalSection
	GlobalSection(ExtensibilityGlobals) = postSolution
		SolutionGuid = {57B77D6A-AD61-4E51-BD2D-1D596FD785AC}
	EndGlobalSection
EndGlobal
