
Microsoft Visual Studio Solution File, Format Version 12.00
# Visual Studio Version 16
VisualStudioVersion = 16.0.29001.49
MinimumVisualStudioVersion = 10.0.40219.1
Project("{FAE04EC0-301F-11D3-BF4B-00C04F79EFBC}") = "Bai12_ChuongTrinhNhapVaoMang", "Bai12_ChuongTrinhNhapVaoMang.csproj", "{92CACD2F-1F99-4329-8FA3-B81DE9107E93}"
EndProject
Global
	GlobalSection(SolutionConfigurationPlatforms) = preSolution
		Debug|Any CPU = Debug|Any CPU
		Release|Any CPU = Release|Any CPU
	EndGlobalSection
	GlobalSection(ProjectConfigurationPlatforms) = postSolution
		{92CACD2F-1F99-4329-8FA3-B81DE9107E93}.Debug|Any CPU.ActiveCfg = Debug|Any CPU
		{92CACD2F-1F99-4329-8FA3-B81DE9107E93}.Debug|Any CPU.Build.0 = Debug|Any CPU
		{92CACD2F-1F99-4329-8FA3-B81DE9107E93}.Release|Any CPU.ActiveCfg = Release|Any CPU
		{92CACD2F-1F99-4329-8FA3-B81DE9107E93}.Release|Any CPU.Build.0 = Release|Any CPU
	EndGlobalSection
	GlobalSection(SolutionProperties) = preSolution
		HideSolutionNode = FALSE
	EndGlobalSection
	GlobalSection(ExtensibilityGlobals) = postSolution
		SolutionGuid = {A86BF84D-A1E3-483C-AB22-7FDA80255325}
	EndGlobalSection
EndGlobal
