
Microsoft Visual Studio Solution File, Format Version 12.00
# Visual Studio Version 16
VisualStudioVersion = 16.0.29001.49
MinimumVisualStudioVersion = 10.0.40219.1
Project("{FAE04EC0-301F-11D3-BF4B-00C04F79EFBC}") = "Bai_11_Viet_Chuong_Trinh_Nhap_Mang_Cac_so", "Bai_11_Viet_Chuong_Trinh_Nhap_Mang_Cac_so.csproj", "{AC95685B-4121-496A-8279-C9DB00AF6515}"
EndProject
Global
	GlobalSection(SolutionConfigurationPlatforms) = preSolution
		Debug|Any CPU = Debug|Any CPU
		Release|Any CPU = Release|Any CPU
	EndGlobalSection
	GlobalSection(ProjectConfigurationPlatforms) = postSolution
		{AC95685B-4121-496A-8279-C9DB00AF6515}.Debug|Any CPU.ActiveCfg = Debug|Any CPU
		{AC95685B-4121-496A-8279-C9DB00AF6515}.Debug|Any CPU.Build.0 = Debug|Any CPU
		{AC95685B-4121-496A-8279-C9DB00AF6515}.Release|Any CPU.ActiveCfg = Release|Any CPU
		{AC95685B-4121-496A-8279-C9DB00AF6515}.Release|Any CPU.Build.0 = Release|Any CPU
	EndGlobalSection
	GlobalSection(SolutionProperties) = preSolution
		HideSolutionNode = FALSE
	EndGlobalSection
	GlobalSection(ExtensibilityGlobals) = postSolution
		SolutionGuid = {084A813F-C71D-4A0B-A880-2FE4AACECFD4}
	EndGlobalSection
EndGlobal
