
Microsoft Visual Studio Solution File, Format Version 12.00
# Visual Studio Version 16
VisualStudioVersion = 16.0.29001.49
MinimumVisualStudioVersion = 10.0.40219.1
Project("{FAE04EC0-301F-11D3-BF4B-00C04F79EFBC}") = "Bai2_TinhKhoangCach", "Bai2_TinhKhoangCach.csproj", "{A218B8FD-6331-4388-890C-BF5AD4325ACA}"
EndProject
Global
	GlobalSection(SolutionConfigurationPlatforms) = preSolution
		Debug|Any CPU = Debug|Any CPU
		Release|Any CPU = Release|Any CPU
	EndGlobalSection
	GlobalSection(ProjectConfigurationPlatforms) = postSolution
		{A218B8FD-6331-4388-890C-BF5AD4325ACA}.Debug|Any CPU.ActiveCfg = Debug|Any CPU
		{A218B8FD-6331-4388-890C-BF5AD4325ACA}.Debug|Any CPU.Build.0 = Debug|Any CPU
		{A218B8FD-6331-4388-890C-BF5AD4325ACA}.Release|Any CPU.ActiveCfg = Release|Any CPU
		{A218B8FD-6331-4388-890C-BF5AD4325ACA}.Release|Any CPU.Build.0 = Release|Any CPU
	EndGlobalSection
	GlobalSection(SolutionProperties) = preSolution
		HideSolutionNode = FALSE
	EndGlobalSection
	GlobalSection(ExtensibilityGlobals) = postSolution
		SolutionGuid = {19B2175D-2CB5-4B21-94F6-4B6B16055328}
	EndGlobalSection
EndGlobal
