
Microsoft Visual Studio Solution File, Format Version 12.00
# Visual Studio Version 16
VisualStudioVersion = 16.0.29001.49
MinimumVisualStudioVersion = 10.0.40219.1
Project("{FAE04EC0-301F-11D3-BF4B-00C04F79EFBC}") = "Bai6_TinhTienGiamGia", "Bai6_TinhTienGiamGia.csproj", "{4C57BC95-4D4D-4671-9970-BDA9C23DFD38}"
EndProject
Global
	GlobalSection(SolutionConfigurationPlatforms) = preSolution
		Debug|Any CPU = Debug|Any CPU
		Release|Any CPU = Release|Any CPU
	EndGlobalSection
	GlobalSection(ProjectConfigurationPlatforms) = postSolution
		{4C57BC95-4D4D-4671-9970-BDA9C23DFD38}.Debug|Any CPU.ActiveCfg = Debug|Any CPU
		{4C57BC95-4D4D-4671-9970-BDA9C23DFD38}.Debug|Any CPU.Build.0 = Debug|Any CPU
		{4C57BC95-4D4D-4671-9970-BDA9C23DFD38}.Release|Any CPU.ActiveCfg = Release|Any CPU
		{4C57BC95-4D4D-4671-9970-BDA9C23DFD38}.Release|Any CPU.Build.0 = Release|Any CPU
	EndGlobalSection
	GlobalSection(SolutionProperties) = preSolution
		HideSolutionNode = FALSE
	EndGlobalSection
	GlobalSection(ExtensibilityGlobals) = postSolution
		SolutionGuid = {26ABC5E4-B8F7-4DB7-80E7-2842CD69F8C5}
	EndGlobalSection
EndGlobal
