
Microsoft Visual Studio Solution File, Format Version 12.00
# Visual Studio Version 16
VisualStudioVersion = 16.0.29001.49
MinimumVisualStudioVersion = 10.0.40219.1
Project("{FAE04EC0-301F-11D3-BF4B-00C04F79EFBC}") = "Bai1_TinhTuoi", "Bai1_TinhTuoi.csproj", "{1DB000B8-4335-4C61-9125-E00A6E60A3BA}"
EndProject
Global
	GlobalSection(SolutionConfigurationPlatforms) = preSolution
		Debug|Any CPU = Debug|Any CPU
		Release|Any CPU = Release|Any CPU
	EndGlobalSection
	GlobalSection(ProjectConfigurationPlatforms) = postSolution
		{1DB000B8-4335-4C61-9125-E00A6E60A3BA}.Debug|Any CPU.ActiveCfg = Debug|Any CPU
		{1DB000B8-4335-4C61-9125-E00A6E60A3BA}.Debug|Any CPU.Build.0 = Debug|Any CPU
		{1DB000B8-4335-4C61-9125-E00A6E60A3BA}.Release|Any CPU.ActiveCfg = Release|Any CPU
		{1DB000B8-4335-4C61-9125-E00A6E60A3BA}.Release|Any CPU.Build.0 = Release|Any CPU
	EndGlobalSection
	GlobalSection(SolutionProperties) = preSolution
		HideSolutionNode = FALSE
	EndGlobalSection
	GlobalSection(ExtensibilityGlobals) = postSolution
		SolutionGuid = {AC07A817-F052-4B40-9623-EBDA4F3BACCD}
	EndGlobalSection
EndGlobal
